// !$*UTF8*$!
{
	archiveVersion = 1;
	classes = {
	};
	objectVersion = 56;
	objects = {

/* Begin PBXBuildFile section */
		BC5739ED2C67A5540038E707 /* AppDelegate.swift in Sources */ = {isa = PBXBuildFile; fileRef = BC5739EC2C67A5540038E707 /* AppDelegate.swift */; };
		BC5739EF2C67A5540038E707 /* GameScene.sks in Resources */ = {isa = PBXBuildFile; fileRef = BC5739EE2C67A5540038E707 /* GameScene.sks */; };
		BC5739F12C67A5540038E707 /* Actions.sks in Resources */ = {isa = PBXBuildFile; fileRef = BC5739F02C67A5540038E707 /* Actions.sks */; };
		BC5739F32C67A5540038E707 /* GameScene.swift in Sources */ = {isa = PBXBuildFile; fileRef = BC5739F22C67A5540038E707 /* GameScene.swift */; };
		BC5739F52C67A5540038E707 /* GameViewController.swift in Sources */ = {isa = PBXBuildFile; fileRef = BC5739F42C67A5540038E707 /* GameViewController.swift */; };
		BC5739F82C67A5540038E707 /* Base in Resources */ = {isa = PBXBuildFile; fileRef = BC5739F72C67A5540038E707 /* Base */; };
		BC5739FA2C67A5550038E707 /* Assets.xcassets in Resources */ = {isa = PBXBuildFile; fileRef = BC5739F92C67A5550038E707 /* Assets.xcassets */; };
		BC5739FD2C67A5550038E707 /* Base in Resources */ = {isa = PBXBuildFile; fileRef = BC5739FC2C67A5550038E707 /* Base */; };
		BC9E7B9D2C6B616300178CE2 /* Globals.swift in Sources */ = {isa = PBXBuildFile; fileRef = BC9E7B9C2C6B616300178CE2 /* Globals.swift */; };
		BC9E7BA12C6CC75400178CE2 /* StartScene.swift in Sources */ = {isa = PBXBuildFile; fileRef = BC9E7BA02C6CC75400178CE2 /* StartScene.swift */; };
		BC9E7BA32C6CC7BF00178CE2 /* StartScene.sks in Resources */ = {isa = PBXBuildFile; fileRef = BC9E7BA22C6CC7BF00178CE2 /* StartScene.sks */; };
		BC9E7BA52C6FA03C00178CE2 /* GameUIView.swift in Sources */ = {isa = PBXBuildFile; fileRef = BC9E7BA42C6FA03C00178CE2 /* GameUIView.swift */; };
/* End PBXBuildFile section */

/* Begin PBXFileReference section */
		BC5739E92C67A5540038E707 /* Push Ball.app */ = {isa = PBXFileReference; explicitFileType = wrapper.application; includeInIndex = 0; path = "Push Ball.app"; sourceTree = BUILT_PRODUCTS_DIR; };
		BC5739EC2C67A5540038E707 /* AppDelegate.swift */ = {isa = PBXFileReference; lastKnownFileType = sourcecode.swift; path = AppDelegate.swift; sourceTree = "<group>"; };
		BC5739EE2C67A5540038E707 /* GameScene.sks */ = {isa = PBXFileReference; lastKnownFileType = file.sks; path = GameScene.sks; sourceTree = "<group>"; };
		BC5739F02C67A5540038E707 /* Actions.sks */ = {isa = PBXFileReference; lastKnownFileType = file.sks; path = Actions.sks; sourceTree = "<group>"; };
		BC5739F22C67A5540038E707 /* GameScene.swift */ = {isa = PBXFileReference; lastKnownFileType = sourcecode.swift; path = GameScene.swift; sourceTree = "<group>"; };
		BC5739F42C67A5540038E707 /* GameViewController.swift */ = {isa = PBXFileReference; lastKnownFileType = sourcecode.swift; path = GameViewController.swift; sourceTree = "<group>"; };
		BC5739F72C67A5540038E707 /* Base */ = {isa = PBXFileReference; lastKnownFileType = file.storyboard; name = Base; path = Base.lproj/Main.storyboard; sourceTree = "<group>"; };
		BC5739F92C67A5550038E707 /* Assets.xcassets */ = {isa = PBXFileReference; lastKnownFileType = folder.assetcatalog; path = Assets.xcassets; sourceTree = "<group>"; };
		BC5739FC2C67A5550038E707 /* Base */ = {isa = PBXFileReference; lastKnownFileType = file.storyboard; name = Base; path = Base.lproj/LaunchScreen.storyboard; sourceTree = "<group>"; };
		BC9E7B9C2C6B616300178CE2 /* Globals.swift */ = {isa = PBXFileReference; lastKnownFileType = sourcecode.swift; path = Globals.swift; sourceTree = "<group>"; };
		BC9E7BA02C6CC75400178CE2 /* StartScene.swift */ = {isa = PBXFileReference; lastKnownFileType = sourcecode.swift; path = StartScene.swift; sourceTree = "<group>"; };
		BC9E7BA22C6CC7BF00178CE2 /* StartScene.sks */ = {isa = PBXFileReference; lastKnownFileType = file.sks; path = StartScene.sks; sourceTree = "<group>"; };
		BC9E7BA42C6FA03C00178CE2 /* GameUIView.swift */ = {isa = PBXFileReference; lastKnownFileType = sourcecode.swift; path = GameUIView.swift; sourceTree = "<group>"; };
/* End PBXFileReference section */

/* Begin PBXFrameworksBuildPhase section */
		BC5739E62C67A5540038E707 /* Frameworks */ = {
			isa = PBXFrameworksBuildPhase;
			buildActionMask = 2147483647;
			files = (
			);
			runOnlyForDeploymentPostprocessing = 0;
		};
/* End PBXFrameworksBuildPhase section */

/* Begin PBXGroup section */
		BC5739E02C67A5540038E707 = {
			isa = PBXGroup;
			children = (
				BC5739EB2C67A5540038E707 /* Push Ball */,
				BC5739EA2C67A5540038E707 /* Products */,
			);
			sourceTree = "<group>";
		};
		BC5739EA2C67A5540038E707 /* Products */ = {
			isa = PBXGroup;
			children = (
				BC5739E92C67A5540038E707 /* Push Ball.app */,
			);
			name = Products;
			sourceTree = "<group>";
		};
		BC5739EB2C67A5540038E707 /* Push Ball */ = {
			isa = PBXGroup;
			children = (
				BC9E7BA22C6CC7BF00178CE2 /* StartScene.sks */,
				BC5739EC2C67A5540038E707 /* AppDelegate.swift */,
				BC5739EE2C67A5540038E707 /* GameScene.sks */,
				BC5739F02C67A5540038E707 /* Actions.sks */,
				BC5739F22C67A5540038E707 /* GameScene.swift */,
				BC5739F42C67A5540038E707 /* GameViewController.swift */,
				BC5739F62C67A5540038E707 /* Main.storyboard */,
				BC5739F92C67A5550038E707 /* Assets.xcassets */,
				BC5739FB2C67A5550038E707 /* LaunchScreen.storyboard */,
				BC9E7B9C2C6B616300178CE2 /* Globals.swift */,
				BC9E7BA02C6CC75400178CE2 /* StartScene.swift */,
				BC9E7BA42C6FA03C00178CE2 /* GameUIView.swift */,
			);
			path = "Push Ball";
			sourceTree = "<group>";
		};
/* End PBXGroup section */

/* Begin PBXNativeTarget section */
		BC5739E82C67A5540038E707 /* Push Ball */ = {
			isa = PBXNativeTarget;
			buildConfigurationList = BC573A002C67A5550038E707 /* Build configuration list for PBXNativeTarget "Push Ball" */;
			buildPhases = (
				BC5739E52C67A5540038E707 /* Sources */,
				BC5739E62C67A5540038E707 /* Frameworks */,
				BC5739E72C67A5540038E707 /* Resources */,
			);
			buildRules = (
			);
			dependencies = (
			);
			name = "Push Ball";
			productName = "Push Ball";
			productReference = BC5739E92C67A5540038E707 /* Push Ball.app */;
			productType = "com.apple.product-type.application";
		};
/* End PBXNativeTarget section */

/* Begin PBXProject section */
		BC5739E12C67A5540038E707 /* Project object */ = {
			isa = PBXProject;
			attributes = {
				BuildIndependentTargetsInParallel = 1;
				LastSwiftUpdateCheck = 1540;
				LastUpgradeCheck = 1540;
				TargetAttributes = {
					BC5739E82C67A5540038E707 = {
						CreatedOnToolsVersion = 15.4;
					};
				};
			};
			buildConfigurationList = BC5739E42C67A5540038E707 /* Build configuration list for PBXProject "Push Ball" */;
			compatibilityVersion = "Xcode 14.0";
			developmentRegion = en;
			hasScannedForEncodings = 0;
			knownRegions = (
				en,
				Base,
			);
			mainGroup = BC5739E02C67A5540038E707;
			productRefGroup = BC5739EA2C67A5540038E707 /* Products */;
			projectDirPath = "";
			projectRoot = "";
			targets = (
				BC5739E82C67A5540038E707 /* Push Ball */,
			);
		};
/* End PBXProject section */

/* Begin PBXResourcesBuildPhase section */
		BC5739E72C67A5540038E707 /* Resources */ = {
			isa = PBXResourcesBuildPhase;
			buildActionMask = 2147483647;
			files = (
				BC5739EF2C67A5540038E707 /* GameScene.sks in Resources */,
				BC5739F82C67A5540038E707 /* Base in Resources */,
				BC5739FA2C67A5550038E707 /* Assets.xcassets in Resources */,
				BC9E7BA32C6CC7BF00178CE2 /* StartScene.sks in Resources */,
				BC5739F12C67A5540038E707 /* Actions.sks in Resources */,
				BC5739FD2C67A5550038E707 /* Base in Resources */,
			);
			runOnlyForDeploymentPostprocessing = 0;
		};
/* End PBXResourcesBuildPhase section */

/* Begin PBXSourcesBuildPhase section */
		BC5739E52C67A5540038E707 /* Sources */ = {
			isa = PBXSourcesBuildPhase;
			buildActionMask = 2147483647;
			files = (
				BC9E7B9D2C6B616300178CE2 /* Globals.swift in Sources */,
				BC5739F32C67A5540038E707 /* GameScene.swift in Sources */,
				BC5739F52C67A5540038E707 /* GameViewController.swift in Sources */,
				BC9E7BA12C6CC75400178CE2 /* StartScene.swift in Sources */,
				BC9E7BA52C6FA03C00178CE2 /* GameUIView.swift in Sources */,
				BC5739ED2C67A5540038E707 /* AppDelegate.swift in Sources */,
			);
			runOnlyForDeploymentPostprocessing = 0;
		};
/* End PBXSourcesBuildPhase section */

/* Begin PBXVariantGroup section */
		BC5739F62C67A5540038E707 /* Main.storyboard */ = {
			isa = PBXVariantGroup;
			children = (
				BC5739F72C67A5540038E707 /* Base */,
			);
			name = Main.storyboard;
			sourceTree = "<group>";
		};
		BC5739FB2C67A5550038E707 /* LaunchScreen.storyboard */ = {
			isa = PBXVariantGroup;
			children = (
				BC5739FC2C67A5550038E707 /* Base */,
			);
			name = LaunchScreen.storyboard;
			sourceTree = "<group>";
		};
/* End PBXVariantGroup section */

/* Begin XCBuildConfiguration section */
		BC5739FE2C67A5550038E707 /* Debug */ = {
			isa = XCBuildConfiguration;
			buildSettings = {
				ALWAYS_SEARCH_USER_PATHS = NO;
				ASSETCATALOG_COMPILER_GENERATE_SWIFT_ASSET_SYMBOL_EXTENSIONS = YES;
				CLANG_ANALYZER_NONNULL = YES;
				CLANG_ANALYZER_NUMBER_OBJECT_CONVERSION = YES_AGGRESSIVE;
				CLANG_CXX_LANGUAGE_STANDARD = "gnu++20";
				CLANG_ENABLE_MODULES = YES;
				CLANG_ENABLE_OBJC_ARC = YES;
				CLANG_ENABLE_OBJC_WEAK = YES;
				CLANG_WARN_BLOCK_CAPTURE_AUTORELEASING = YES;
				CLANG_WARN_BOOL_CONVERSION = YES;
				CLANG_WARN_COMMA = YES;
				CLANG_WARN_CONSTANT_CONVERSION = YES;
				CLANG_WARN_DEPRECATED_OBJC_IMPLEMENTATIONS = YES;
				CLANG_WARN_DIRECT_OBJC_ISA_USAGE = YES_ERROR;
				CLANG_WARN_DOCUMENTATION_COMMENTS = YES;
				CLANG_WARN_EMPTY_BODY = YES;
				CLANG_WARN_ENUM_CONVERSION = YES;
				CLANG_WARN_INFINITE_RECURSION = YES;
				CLANG_WARN_INT_CONVERSION = YES;
				CLANG_WARN_NON_LITERAL_NULL_CONVERSION = YES;
				CLANG_WARN_OBJC_IMPLICIT_RETAIN_SELF = YES;
				CLANG_WARN_OBJC_LITERAL_CONVERSION = YES;
				CLANG_WARN_OBJC_ROOT_CLASS = YES_ERROR;
				CLANG_WARN_QUOTED_INCLUDE_IN_FRAMEWORK_HEADER = YES;
				CLANG_WARN_RANGE_LOOP_ANALYSIS = YES;
				CLANG_WARN_STRICT_PROTOTYPES = YES;
				CLANG_WARN_SUSPICIOUS_MOVE = YES;
				CLANG_WARN_UNGUARDED_AVAILABILITY = YES_AGGRESSIVE;
				CLANG_WARN_UNREACHABLE_CODE = YES;
				CLANG_WARN__DUPLICATE_METHOD_MATCH = YES;
				COPY_PHASE_STRIP = NO;
				DEBUG_INFORMATION_FORMAT = dwarf;
				ENABLE_STRICT_OBJC_MSGSEND = YES;
				ENABLE_TESTABILITY = YES;
				ENABLE_USER_SCRIPT_SANDBOXING = YES;
				GCC_C_LANGUAGE_STANDARD = gnu17;
				GCC_DYNAMIC_NO_PIC = NO;
				GCC_NO_COMMON_BLOCKS = YES;
				GCC_OPTIMIZATION_LEVEL = 0;
				GCC_PREPROCESSOR_DEFINITIONS = (
					"DEBUG=1",
					"$(inherited)",
				);
				GCC_WARN_64_TO_32_BIT_CONVERSION = YES;
				GCC_WARN_ABOUT_RETURN_TYPE = YES_ERROR;
				GCC_WARN_UNDECLARED_SELECTOR = YES;
				GCC_WARN_UNINITIALIZED_AUTOS = YES_AGGRESSIVE;
				GCC_WARN_UNUSED_FUNCTION = YES;
				GCC_WARN_UNUSED_VARIABLE = YES;
				IPHONEOS_DEPLOYMENT_TARGET = 17.5;
				LOCALIZATION_PREFERS_STRING_CATALOGS = YES;
				MTL_ENABLE_DEBUG_INFO = INCLUDE_SOURCE;
				MTL_FAST_MATH = YES;
				ONLY_ACTIVE_ARCH = YES;
				SDKROOT = iphoneos;
				SWIFT_ACTIVE_COMPILATION_CONDITIONS = "DEBUG $(inherited)";
				SWIFT_OPTIMIZATION_LEVEL = "-Onone";
			};
			name = Debug;
		};
		BC5739FF2C67A5550038E707 /* Release */ = {
			isa = XCBuildConfiguration;
			buildSettings = {
				ALWAYS_SEARCH_USER_PATHS = NO;
				ASSETCATALOG_COMPILER_GENERATE_SWIFT_ASSET_SYMBOL_EXTENSIONS = YES;
				CLANG_ANALYZER_NONNULL = YES;
				CLANG_ANALYZER_NUMBER_OBJECT_CONVERSION = YES_AGGRESSIVE;
				CLANG_CXX_LANGUAGE_STANDARD = "gnu++20";
				CLANG_ENABLE_MODULES = YES;
				CLANG_ENABLE_OBJC_ARC = YES;
				CLANG_ENABLE_OBJC_WEAK = YES;
				CLANG_WARN_BLOCK_CAPTURE_AUTORELEASING = YES;
				CLANG_WARN_BOOL_CONVERSION = YES;
				CLANG_WARN_COMMA = YES;
				CLANG_WARN_CONSTANT_CONVERSION = YES;
				CLANG_WARN_DEPRECATED_OBJC_IMPLEMENTATIONS = YES;
				CLANG_WARN_DIRECT_OBJC_ISA_USAGE = YES_ERROR;
				CLANG_WARN_DOCUMENTATION_COMMENTS = YES;
				CLANG_WARN_EMPTY_BODY = YES;
				CLANG_WARN_ENUM_CONVERSION = YES;
				CLANG_WARN_INFINITE_RECURSION = YES;
				CLANG_WARN_INT_CONVERSION = YES;
				CLANG_WARN_NON_LITERAL_NULL_CONVERSION = YES;
				CLANG_WARN_OBJC_IMPLICIT_RETAIN_SELF = YES;
				CLANG_WARN_OBJC_LITERAL_CONVERSION = YES;
				CLANG_WARN_OBJC_ROOT_CLASS = YES_ERROR;
				CLANG_WARN_QUOTED_INCLUDE_IN_FRAMEWORK_HEADER = YES;
				CLANG_WARN_RANGE_LOOP_ANALYSIS = YES;
				CLANG_WARN_STRICT_PROTOTYPES = YES;
				CLANG_WARN_SUSPICIOUS_MOVE = YES;
				CLANG_WARN_UNGUARDED_AVAILABILITY = YES_AGGRESSIVE;
				CLANG_WARN_UNREACHABLE_CODE = YES;
				CLANG_WARN__DUPLICATE_METHOD_MATCH = YES;
				COPY_PHASE_STRIP = NO;
				DEBUG_INFORMATION_FORMAT = "dwarf-with-dsym";
				ENABLE_NS_ASSERTIONS = NO;
				ENABLE_STRICT_OBJC_MSGSEND = YES;
				ENABLE_USER_SCRIPT_SANDBOXING = YES;
				GCC_C_LANGUAGE_STANDARD = gnu17;
				GCC_NO_COMMON_BLOCKS = YES;
				GCC_WARN_64_TO_32_BIT_CONVERSION = YES;
				GCC_WARN_ABOUT_RETURN_TYPE = YES_ERROR;
				GCC_WARN_UNDECLARED_SELECTOR = YES;
				GCC_WARN_UNINITIALIZED_AUTOS = YES_AGGRESSIVE;
				GCC_WARN_UNUSED_FUNCTION = YES;
				GCC_WARN_UNUSED_VARIABLE = YES;
				IPHONEOS_DEPLOYMENT_TARGET = 17.5;
				LOCALIZATION_PREFERS_STRING_CATALOGS = YES;
				MTL_ENABLE_DEBUG_INFO = NO;
				MTL_FAST_MATH = YES;
				SDKROOT = iphoneos;
				SWIFT_COMPILATION_MODE = wholemodule;
				VALIDATE_PRODUCT = YES;
			};
			name = Release;
		};
		BC573A012C67A5550038E707 /* Debug */ = {
			isa = XCBuildConfiguration;
			buildSettings = {
				ASSETCATALOG_COMPILER_APPICON_NAME = AppIcon;
				ASSETCATALOG_COMPILER_GLOBAL_ACCENT_COLOR_NAME = AccentColor;
				CODE_SIGN_STYLE = Automatic;
				CURRENT_PROJECT_VERSION = 1;
				DEVELOPMENT_TEAM = JZVTAQKYRT;
				GENERATE_INFOPLIST_FILE = YES;
				INFOPLIST_KEY_UIApplicationSupportsIndirectInputEvents = YES;
				INFOPLIST_KEY_UILaunchStoryboardName = LaunchScreen;
				INFOPLIST_KEY_UIMainStoryboardFile = Main;
				INFOPLIST_KEY_UIStatusBarHidden = YES;
				INFOPLIST_KEY_UISupportedInterfaceOrientations_iPad = "UIInterfaceOrientationLandscapeRight UIInterfaceOrientationLandscapeLeft";
				INFOPLIST_KEY_UISupportedInterfaceOrientations_iPhone = "UIInterfaceOrientationLandscapeLeft UIInterfaceOrientationLandscapeRight";
				LD_RUNPATH_SEARCH_PATHS = (
					"$(inherited)",
					"@executable_path/Frameworks",
				);
				MARKETING_VERSION = 1.0;
				PRODUCT_BUNDLE_IDENTIFIER = "connie.Push-Ball";
				PRODUCT_NAME = "$(TARGET_NAME)";
				SWIFT_EMIT_LOC_STRINGS = YES;
				SWIFT_VERSION = 5.0;
				TARGETED_DEVICE_FAMILY = "1,2";
			};
			name = Debug;
		};
		BC573A022C67A5550038E707 /* Release */ = {
			isa = XCBuildConfiguration;
			buildSettings = {
				ASSETCATALOG_COMPILER_APPICON_NAME = AppIcon;
				ASSETCATALOG_COMPILER_GLOBAL_ACCENT_COLOR_NAME = AccentColor;
				CODE_SIGN_STYLE = Automatic;
				CURRENT_PROJECT_VERSION = 1;
				DEVELOPMENT_TEAM = JZVTAQKYRT;
				GENERATE_INFOPLIST_FILE = YES;
				INFOPLIST_KEY_UIApplicationSupportsIndirectInputEvents = YES;
				INFOPLIST_KEY_UILaunchStoryboardName = LaunchScreen;
				INFOPLIST_KEY_UIMainStoryboardFile = Main;
				INFOPLIST_KEY_UIStatusBarHidden = YES;
				INFOPLIST_KEY_UISupportedInterfaceOrientations_iPad = "UIInterfaceOrientationLandscapeRight UIInterfaceOrientationLandscapeLeft";
				INFOPLIST_KEY_UISupportedInterfaceOrientations_iPhone = "UIInterfaceOrientationLandscapeLeft UIInterfaceOrientationLandscapeRight";
				LD_RUNPATH_SEARCH_PATHS = (
					"$(inherited)",
					"@executable_path/Frameworks",
				);
				MARKETING_VERSION = 1.0;
				PRODUCT_BUNDLE_IDENTIFIER = "connie.Push-Ball";
				PRODUCT_NAME = "$(TARGET_NAME)";
				SWIFT_EMIT_LOC_STRINGS = YES;
				SWIFT_VERSION = 5.0;
				TARGETED_DEVICE_FAMILY = "1,2";
			};
			name = Release;
		};
/* End XCBuildConfiguration section */

/* Begin XCConfigurationList section */
		BC5739E42C67A5540038E707 /* Build configuration list for PBXProject "Push Ball" */ = {
			isa = XCConfigurationList;
			buildConfigurations = (
				BC5739FE2C67A5550038E707 /* Debug */,
				BC5739FF2C67A5550038E707 /* Release */,
			);
			defaultConfigurationIsVisible = 0;
			defaultConfigurationName = Release;
		};
		BC573A002C67A5550038E707 /* Build configuration list for PBXNativeTarget "Push Ball" */ = {
			isa = XCConfigurationList;
			buildConfigurations = (
				BC573A012C67A5550038E707 /* Debug */,
				BC573A022C67A5550038E707 /* Release */,
			);
			defaultConfigurationIsVisible = 0;
			defaultConfigurationName = Release;
		};
/* End XCConfigurationList section */
	};
	rootObject = BC5739E12C67A5540038E707 /* Project object */;
}
